// !$*UTF8*$!
{
	archiveVersion = 1;
	classes = {
	};
	objectVersion = 50;
	objects = {

/* Begin PBXBuildFile section */
		6A45022E3973A3E5DC674FED /* Pods_TaskKey.framework in Frameworks */ = {isa = PBXBuildFile; fileRef = 6098CCD791AD714DBBF980C9 /* Pods_TaskKey.framework */; };
		739A88752469D3C800FEBDEA /* AppDelegate.swift in Sources */ = {isa = PBXBuildFile; fileRef = 739A88742469D3C800FEBDEA /* AppDelegate.swift */; };
		739A88772469D3C800FEBDEA /* SceneDelegate.swift in Sources */ = {isa = PBXBuildFile; fileRef = 739A88762469D3C800FEBDEA /* SceneDelegate.swift */; };
		739A88792469D3C800FEBDEA /* ViewController.swift in Sources */ = {isa = PBXBuildFile; fileRef = 739A88782469D3C800FEBDEA /* ViewController.swift */; };
		739A887C2469D3C800FEBDEA /* Main.storyboard in Resources */ = {isa = PBXBuildFile; fileRef = 739A887A2469D3C800FEBDEA /* Main.storyboard */; };
		739A887E2469D3CE00FEBDEA /* Assets.xcassets in Resources */ = {isa = PBXBuildFile; fileRef = 739A887D2469D3CE00FEBDEA /* Assets.xcassets */; };
		739A88812469D3CE00FEBDEA /* LaunchScreen.storyboard in Resources */ = {isa = PBXBuildFile; fileRef = 739A887F2469D3CE00FEBDEA /* LaunchScreen.storyboard */; };
		739A88892469D58700FEBDEA /* GoogleService-Info.plist in Resources */ = {isa = PBXBuildFile; fileRef = 739A88882469D58700FEBDEA /* GoogleService-Info.plist */; };
/* End PBXBuildFile section */

/* Begin PBXFileReference section */
		107F42521AB4695288E4602C /* Pods-TaskKey.release.xcconfig */ = {isa = PBXFileReference; includeInIndex = 1; lastKnownFileType = text.xcconfig; name = "Pods-TaskKey.release.xcconfig"; path = "Target Support Files/Pods-TaskKey/Pods-TaskKey.release.xcconfig"; sourceTree = "<group>"; };
		6098CCD791AD714DBBF980C9 /* Pods_TaskKey.framework */ = {isa = PBXFileReference; explicitFileType = wrapper.framework; includeInIndex = 0; path = Pods_TaskKey.framework; sourceTree = BUILT_PRODUCTS_DIR; };
		739A88712469D3C800FEBDEA /* TaskKey.app */ = {isa = PBXFileReference; explicitFileType = wrapper.application; includeInIndex = 0; path = TaskKey.app; sourceTree = BUILT_PRODUCTS_DIR; };
		739A88742469D3C800FEBDEA /* AppDelegate.swift */ = {isa = PBXFileReference; lastKnownFileType = sourcecode.swift; path = AppDelegate.swift; sourceTree = "<group>"; };
		739A88762469D3C800FEBDEA /* SceneDelegate.swift */ = {isa = PBXFileReference; lastKnownFileType = sourcecode.swift; path = SceneDelegate.swift; sourceTree = "<group>"; };
		739A88782469D3C800FEBDEA /* ViewController.swift */ = {isa = PBXFileReference; lastKnownFileType = sourcecode.swift; path = ViewController.swift; sourceTree = "<group>"; };
		739A887B2469D3C800FEBDEA /* Base */ = {isa = PBXFileReference; lastKnownFileType = file.storyboard; name = Base; path = Base.lproj/Main.storyboard; sourceTree = "<group>"; };
		739A887D2469D3CE00FEBDEA /* Assets.xcassets */ = {isa = PBXFileReference; lastKnownFileType = folder.assetcatalog; path = Assets.xcassets; sourceTree = "<group>"; };
		739A88802469D3CE00FEBDEA /* Base */ = {isa = PBXFileReference; lastKnownFileType = file.storyboard; name = Base; path = Base.lproj/LaunchScreen.storyboard; sourceTree = "<group>"; };
		739A88822469D3CE00FEBDEA /* Info.plist */ = {isa = PBXFileReference; lastKnownFileType = text.plist.xml; path = Info.plist; sourceTree = "<group>"; };
		739A88882469D58700FEBDEA /* GoogleService-Info.plist */ = {isa = PBXFileReference; fileEncoding = 4; lastKnownFileType = text.plist.xml; path = "GoogleService-Info.plist"; sourceTree = "<group>"; };
		E48859F5F8E997220FC6DFF5 /* Pods-TaskKey.debug.xcconfig */ = {isa = PBXFileReference; includeInIndex = 1; lastKnownFileType = text.xcconfig; name = "Pods-TaskKey.debug.xcconfig"; path = "Target Support Files/Pods-TaskKey/Pods-TaskKey.debug.xcconfig"; sourceTree = "<group>"; };
/* End PBXFileReference section */

/* Begin PBXFrameworksBuildPhase section */
		739A886E2469D3C800FEBDEA /* Frameworks */ = {
			isa = PBXFrameworksBuildPhase;
			buildActionMask = 2147483647;
			files = (
				6A45022E3973A3E5DC674FED /* Pods_TaskKey.framework in Frameworks */,
			);
			runOnlyForDeploymentPostprocessing = 0;
		};
/* End PBXFrameworksBuildPhase section */

/* Begin PBXGroup section */
		58C4A4F010EF84310D366944 /* Frameworks */ = {
			isa = PBXGroup;
			children = (
				6098CCD791AD714DBBF980C9 /* Pods_TaskKey.framework */,
			);
			name = Frameworks;
			sourceTree = "<group>";
		};
		739A88682469D3C800FEBDEA = {
			isa = PBXGroup;
			children = (
				739A88732469D3C800FEBDEA /* TaskKey */,
				739A88722469D3C800FEBDEA /* Products */,
				FCC3B626BC010BB8850E3D66 /* Pods */,
				58C4A4F010EF84310D366944 /* Frameworks */,
			);
			sourceTree = "<group>";
		};
		739A88722469D3C800FEBDEA /* Products */ = {
			isa = PBXGroup;
			children = (
				739A88712469D3C800FEBDEA /* TaskKey.app */,
			);
			name = Products;
			sourceTree = "<group>";
		};
		739A88732469D3C800FEBDEA /* TaskKey */ = {
			isa = PBXGroup;
			children = (
				739A88882469D58700FEBDEA /* GoogleService-Info.plist */,
				739A88742469D3C800FEBDEA /* AppDelegate.swift */,
				739A88762469D3C800FEBDEA /* SceneDelegate.swift */,
				739A88782469D3C800FEBDEA /* ViewController.swift */,
				739A887A2469D3C800FEBDEA /* Main.storyboard */,
				739A887D2469D3CE00FEBDEA /* Assets.xcassets */,
				739A887F2469D3CE00FEBDEA /* LaunchScreen.storyboard */,
				739A88822469D3CE00FEBDEA /* Info.plist */,
			);
			path = TaskKey;
			sourceTree = "<group>";
		};
		FCC3B626BC010BB8850E3D66 /* Pods */ = {
			isa = PBXGroup;
			children = (
				E48859F5F8E997220FC6DFF5 /* Pods-TaskKey.debug.xcconfig */,
				107F42521AB4695288E4602C /* Pods-TaskKey.release.xcconfig */,
			);
			name = Pods;
			path = Pods;
			sourceTree = "<group>";
		};
/* End PBXGroup section */

/* Begin PBXNativeTarget section */
		739A88702469D3C800FEBDEA /* TaskKey */ = {
			isa = PBXNativeTarget;
			buildConfigurationList = 739A88852469D3CE00FEBDEA /* Build configuration list for PBXNativeTarget "TaskKey" */;
			buildPhases = (
				AD88D6A506E0521E9CEA7BD2 /* [CP] Check Pods Manifest.lock */,
				739A886D2469D3C800FEBDEA /* Sources */,
				739A886E2469D3C800FEBDEA /* Frameworks */,
				739A886F2469D3C800FEBDEA /* Resources */,
				D8B0453B88198711971144CD /* [CP] Embed Pods Frameworks */,
			);
			buildRules = (
			);
			dependencies = (
			);
			name = TaskKey;
			productName = TaskKey;
			productReference = 739A88712469D3C800FEBDEA /* TaskKey.app */;
			productType = "com.apple.product-type.application";
		};
/* End PBXNativeTarget section */

/* Begin PBXProject section */
		739A88692469D3C800FEBDEA /* Project object */ = {
			isa = PBXProject;
			attributes = {
				LastSwiftUpdateCheck = 1140;
				LastUpgradeCheck = 1140;
				ORGANIZATIONNAME = Mehedihasan290;
				TargetAttributes = {
					739A88702469D3C800FEBDEA = {
						CreatedOnToolsVersion = 11.4.1;
					};
				};
			};
			buildConfigurationList = 739A886C2469D3C800FEBDEA /* Build configuration list for PBXProject "TaskKey" */;
			compatibilityVersion = "Xcode 9.3";
			developmentRegion = en;
			hasScannedForEncodings = 0;
			knownRegions = (
				en,
				Base,
			);
			mainGroup = 739A88682469D3C800FEBDEA;
			productRefGroup = 739A88722469D3C800FEBDEA /* Products */;
			projectDirPath = "";
			projectRoot = "";
			targets = (
				739A88702469D3C800FEBDEA /* TaskKey */,
			);
		};
/* End PBXProject section */

/* Begin PBXResourcesBuildPhase section */
		739A886F2469D3C800FEBDEA /* Resources */ = {
			isa = PBXResourcesBuildPhase;
			buildActionMask = 2147483647;
			files = (
				739A88812469D3CE00FEBDEA /* LaunchScreen.storyboard in Resources */,
				739A88892469D58700FEBDEA /* GoogleService-Info.plist in Resources */,
				739A887E2469D3CE00FEBDEA /* Assets.xcassets in Resources */,
				739A887C2469D3C800FEBDEA /* Main.storyboard in Resources */,
			);
			runOnlyForDeploymentPostprocessing = 0;
		};
/* End PBXResourcesBuildPhase section */

/* Begin PBXShellScriptBuildPhase section */
		AD88D6A506E0521E9CEA7BD2 /* [CP] Check Pods Manifest.lock */ = {
			isa = PBXShellScriptBuildPhase;
			buildActionMask = 2147483647;
			files = (
			);
			inputFileListPaths = (
			);
			inputPaths = (
				"${PODS_PODFILE_DIR_PATH}/Podfile.lock",
				"${PODS_ROOT}/Manifest.lock",
			);
			name = "[CP] Check Pods Manifest.lock";
			outputFileListPaths = (
			);
			outputPaths = (
				"$(DERIVED_FILE_DIR)/Pods-TaskKey-checkManifestLockResult.txt",
			);
			runOnlyForDeploymentPostprocessing = 0;
			shellPath = /bin/sh;
			shellScript = "diff \"${PODS_PODFILE_DIR_PATH}/Podfile.lock\" \"${PODS_ROOT}/Manifest.lock\" > /dev/null\nif [ $? != 0 ] ; then\n    # print error to STDERR\n    echo \"error: The sandbox is not in sync with the Podfile.lock. Run 'pod install' or update your CocoaPods installation.\" >&2\n    exit 1\nfi\n# This output is used by Xcode 'outputs' to avoid re-running this script phase.\necho \"SUCCESS\" > \"${SCRIPT_OUTPUT_FILE_0}\"\n";
			showEnvVarsInLog = 0;
		};
		D8B0453B88198711971144CD /* [CP] Embed Pods Frameworks */ = {
			isa = PBXShellScriptBuildPhase;
			buildActionMask = 2147483647;
			files = (
			);
			inputFileListPaths = (
				"${PODS_ROOT}/Target Support Files/Pods-TaskKey/Pods-TaskKey-frameworks-${CONFIGURATION}-input-files.xcfilelist",
			);
			name = "[CP] Embed Pods Frameworks";
			outputFileListPaths = (
				"${PODS_ROOT}/Target Support Files/Pods-TaskKey/Pods-TaskKey-frameworks-${CONFIGURATION}-output-files.xcfilelist",
			);
			runOnlyForDeploymentPostprocessing = 0;
			shellPath = /bin/sh;
			shellScript = "\"${PODS_ROOT}/Target Support Files/Pods-TaskKey/Pods-TaskKey-frameworks.sh\"\n";
			showEnvVarsInLog = 0;
		};
/* End PBXShellScriptBuildPhase section */

/* Begin PBXSourcesBuildPhase section */
		739A886D2469D3C800FEBDEA /* Sources */ = {
			isa = PBXSourcesBuildPhase;
			buildActionMask = 2147483647;
			files = (
				739A88792469D3C800FEBDEA /* ViewController.swift in Sources */,
				739A88752469D3C800FEBDEA /* AppDelegate.swift in Sources */,
				739A88772469D3C800FEBDEA /* SceneDelegate.swift in Sources */,
			);
			runOnlyForDeploymentPostprocessing = 0;
		};
/* End PBXSourcesBuildPhase section */

/* Begin PBXVariantGroup section */
		739A887A2469D3C800FEBDEA /* Main.storyboard */ = {
			isa = PBXVariantGroup;
			children = (
				739A887B2469D3C800FEBDEA /* Base */,
			);
			name = Main.storyboard;
			sourceTree = "<group>";
		};
		739A887F2469D3CE00FEBDEA /* LaunchScreen.storyboard */ = {
			isa = PBXVariantGroup;
			children = (
				739A88802469D3CE00FEBDEA /* Base */,
			);
			name = LaunchScreen.storyboard;
			sourceTree = "<group>";
		};
/* End PBXVariantGroup section */

/* Begin XCBuildConfiguration section */
		739A88832469D3CE00FEBDEA /* Debug */ = {
			isa = XCBuildConfiguration;
			buildSettings = {
				ALWAYS_SEARCH_USER_PATHS = NO;
				CLANG_ANALYZER_NONNULL = YES;
				CLANG_ANALYZER_NUMBER_OBJECT_CONVERSION = YES_AGGRESSIVE;
				CLANG_CXX_LANGUAGE_STANDARD = "gnu++14";
				CLANG_CXX_LIBRARY = "libc++";
				CLANG_ENABLE_MODULES = YES;
				CLANG_ENABLE_OBJC_ARC = YES;
				CLANG_ENABLE_OBJC_WEAK = YES;
				CLANG_WARN_BLOCK_CAPTURE_AUTORELEASING = YES;
				CLANG_WARN_BOOL_CONVERSION = YES;
				CLANG_WARN_COMMA = YES;
				CLANG_WARN_CONSTANT_CONVERSION = YES;
				CLANG_WARN_DEPRECATED_OBJC_IMPLEMENTATIONS = YES;
				CLANG_WARN_DIRECT_OBJC_ISA_USAGE = YES_ERROR;
				CLANG_WARN_DOCUMENTATION_COMMENTS = YES;
				CLANG_WARN_EMPTY_BODY = YES;
				CLANG_WARN_ENUM_CONVERSION = YES;
				CLANG_WARN_INFINITE_RECURSION = YES;
				CLANG_WARN_INT_CONVERSION = YES;
				CLANG_WARN_NON_LITERAL_NULL_CONVERSION = YES;
				CLANG_WARN_OBJC_IMPLICIT_RETAIN_SELF = YES;
				CLANG_WARN_OBJC_LITERAL_CONVERSION = YES;
				CLANG_WARN_OBJC_ROOT_CLASS = YES_ERROR;
				CLANG_WARN_RANGE_LOOP_ANALYSIS = YES;
				CLANG_WARN_STRICT_PROTOTYPES = YES;
				CLANG_WARN_SUSPICIOUS_MOVE = YES;
				CLANG_WARN_UNGUARDED_AVAILABILITY = YES_AGGRESSIVE;
				CLANG_WARN_UNREACHABLE_CODE = YES;
				CLANG_WARN__DUPLICATE_METHOD_MATCH = YES;
				COPY_PHASE_STRIP = NO;
				DEBUG_INFORMATION_FORMAT = dwarf;
				ENABLE_STRICT_OBJC_MSGSEND = YES;
				ENABLE_TESTABILITY = YES;
				GCC_C_LANGUAGE_STANDARD = gnu11;
				GCC_DYNAMIC_NO_PIC = NO;
				GCC_NO_COMMON_BLOCKS = YES;
				GCC_OPTIMIZATION_LEVEL = 0;
				GCC_PREPROCESSOR_DEFINITIONS = (
					"DEBUG=1",
					"$(inherited)",
				);
				GCC_WARN_64_TO_32_BIT_CONVERSION = YES;
				GCC_WARN_ABOUT_RETURN_TYPE = YES_ERROR;
				GCC_WARN_UNDECLARED_SELECTOR = YES;
				GCC_WARN_UNINITIALIZED_AUTOS = YES_AGGRESSIVE;
				GCC_WARN_UNUSED_FUNCTION = YES;
				GCC_WARN_UNUSED_VARIABLE = YES;
				IPHONEOS_DEPLOYMENT_TARGET = 13.4;
				MTL_ENABLE_DEBUG_INFO = INCLUDE_SOURCE;
				MTL_FAST_MATH = YES;
				ONLY_ACTIVE_ARCH = YES;
				SDKROOT = iphoneos;
				SWIFT_ACTIVE_COMPILATION_CONDITIONS = DEBUG;
				SWIFT_OPTIMIZATION_LEVEL = "-Onone";
			};
			name = Debug;
		};
		739A88842469D3CE00FEBDEA /* Release */ = {
			isa = XCBuildConfiguration;
			buildSettings = {
				ALWAYS_SEARCH_USER_PATHS = NO;
				CLANG_ANALYZER_NONNULL = YES;
				CLANG_ANALYZER_NUMBER_OBJECT_CONVERSION = YES_AGGRESSIVE;
				CLANG_CXX_LANGUAGE_STANDARD = "gnu++14";
				CLANG_CXX_LIBRARY = "libc++";
				CLANG_ENABLE_MODULES = YES;
				CLANG_ENABLE_OBJC_ARC = YES;
				CLANG_ENABLE_OBJC_WEAK = YES;
				CLANG_WARN_BLOCK_CAPTURE_AUTORELEASING = YES;
				CLANG_WARN_BOOL_CONVERSION = YES;
				CLANG_WARN_COMMA = YES;
				CLANG_WARN_CONSTANT_CONVERSION = YES;
				CLANG_WARN_DEPRECATED_OBJC_IMPLEMENTATIONS = YES;
				CLANG_WARN_DIRECT_OBJC_ISA_USAGE = YES_ERROR;
				CLANG_WARN_DOCUMENTATION_COMMENTS = YES;
				CLANG_WARN_EMPTY_BODY = YES;
				CLANG_WARN_ENUM_CONVERSION = YES;
				CLANG_WARN_INFINITE_RECURSION = YES;
				CLANG_WARN_INT_CONVERSION = YES;
				CLANG_WARN_NON_LITERAL_NULL_CONVERSION = YES;
				CLANG_WARN_OBJC_IMPLICIT_RETAIN_SELF = YES;
				CLANG_WARN_OBJC_LITERAL_CONVERSION = YES;
				CLANG_WARN_OBJC_ROOT_CLASS = YES_ERROR;
				CLANG_WARN_RANGE_LOOP_ANALYSIS = YES;
				CLANG_WARN_STRICT_PROTOTYPES = YES;
				CLANG_WARN_SUSPICIOUS_MOVE = YES;
				CLANG_WARN_UNGUARDED_AVAILABILITY = YES_AGGRESSIVE;
				CLANG_WARN_UNREACHABLE_CODE = YES;
				CLANG_WARN__DUPLICATE_METHOD_MATCH = YES;
				COPY_PHASE_STRIP = NO;
				DEBUG_INFORMATION_FORMAT = "dwarf-with-dsym";
				ENABLE_NS_ASSERTIONS = NO;
				ENABLE_STRICT_OBJC_MSGSEND = YES;
				GCC_C_LANGUAGE_STANDARD = gnu11;
				GCC_NO_COMMON_BLOCKS = YES;
				GCC_WARN_64_TO_32_BIT_CONVERSION = YES;
				GCC_WARN_ABOUT_RETURN_TYPE = YES_ERROR;
				GCC_WARN_UNDECLARED_SELECTOR = YES;
				GCC_WARN_UNINITIALIZED_AUTOS = YES_AGGRESSIVE;
				GCC_WARN_UNUSED_FUNCTION = YES;
				GCC_WARN_UNUSED_VARIABLE = YES;
				IPHONEOS_DEPLOYMENT_TARGET = 13.4;
				MTL_ENABLE_DEBUG_INFO = NO;
				MTL_FAST_MATH = YES;
				SDKROOT = iphoneos;
				SWIFT_COMPILATION_MODE = wholemodule;
				SWIFT_OPTIMIZATION_LEVEL = "-O";
				VALIDATE_PRODUCT = YES;
			};
			name = Release;
		};
		739A88862469D3CE00FEBDEA /* Debug */ = {
			isa = XCBuildConfiguration;
			baseConfigurationReference = E48859F5F8E997220FC6DFF5 /* Pods-TaskKey.debug.xcconfig */;
			buildSettings = {
				ASSETCATALOG_COMPILER_APPICON_NAME = AppIcon;
				CODE_SIGN_STYLE = Automatic;
				DEVELOPMENT_TEAM = NS9BQQQNV5;
				INFOPLIST_FILE = TaskKey/Info.plist;
				LD_RUNPATH_SEARCH_PATHS = (
					"$(inherited)",
					"@executable_path/Frameworks",
				);
				PRODUCT_BUNDLE_IDENTIFIER = com.mehedihasan290.TaskKey;
				PRODUCT_NAME = "$(TARGET_NAME)";
				SWIFT_VERSION = 5.0;
				TARGETED_DEVICE_FAMILY = "1,2";
			};
			name = Debug;
		};
		739A88872469D3CE00FEBDEA /* Release */ = {
			isa = XCBuildConfiguration;
			baseConfigurationReference = 107F42521AB4695288E4602C /* Pods-TaskKey.release.xcconfig */;
			buildSettings = {
				ASSETCATALOG_COMPILER_APPICON_NAME = AppIcon;
				CODE_SIGN_STYLE = Automatic;
				DEVELOPMENT_TEAM = NS9BQQQNV5;
				INFOPLIST_FILE = TaskKey/Info.plist;
				LD_RUNPATH_SEARCH_PATHS = (
					"$(inherited)",
					"@executable_path/Frameworks",
				);
				PRODUCT_BUNDLE_IDENTIFIER = com.mehedihasan290.TaskKey;
				PRODUCT_NAME = "$(TARGET_NAME)";
				SWIFT_VERSION = 5.0;
				TARGETED_DEVICE_FAMILY = "1,2";
			};
			name = Release;
		};
/* End XCBuildConfiguration section */

/* Begin XCConfigurationList section */
		739A886C2469D3C800FEBDEA /* Build configuration list for PBXProject "TaskKey" */ = {
			isa = XCConfigurationList;
			buildConfigurations = (
				739A88832469D3CE00FEBDEA /* Debug */,
				739A88842469D3CE00FEBDEA /* Release */,
			);
			defaultConfigurationIsVisible = 0;
			defaultConfigurationName = Release;
		};
		739A88852469D3CE00FEBDEA /* Build configuration list for PBXNativeTarget "TaskKey" */ = {
			isa = XCConfigurationList;
			buildConfigurations = (
				739A88862469D3CE00FEBDEA /* Debug */,
				739A88872469D3CE00FEBDEA /* Release */,
			);
			defaultConfigurationIsVisible = 0;
			defaultConfigurationName = Release;
		};
/* End XCConfigurationList section */
	};
	rootObject = 739A88692469D3C800FEBDEA /* Project object */;
}
